
Microsoft Visual Studio Solution File, Format Version 12.00
# Visual Studio Version 16
VisualStudioVersion = 16.0.31005.135
MinimumVisualStudioVersion = 10.0.40219.1
Project("{FAE04EC0-301F-11D3-BF4B-00C04F79EFBC}") = "RazorPagesMovie", "RazorPagesMovie.csproj", "{77434DD9-0864-4F72-97FE-57548A18F730}"
EndProject
Global
	GlobalSection(SolutionConfigurationPlatforms) = preSolution
		Debug|Any CPU = Debug|Any CPU
		Release|Any CPU = Release|Any CPU
	EndGlobalSection
	GlobalSection(ProjectConfigurationPlatforms) = postSolution
		{77434DD9-0864-4F72-97FE-57548A18F730}.Debug|Any CPU.ActiveCfg = Debug|Any CPU
		{77434DD9-0864-4F72-97FE-57548A18F730}.Debug|Any CPU.Build.0 = Debug|Any CPU
		{77434DD9-0864-4F72-97FE-57548A18F730}.Release|Any CPU.ActiveCfg = Release|Any CPU
		{77434DD9-0864-4F72-97FE-57548A18F730}.Release|Any CPU.Build.0 = Release|Any CPU
	EndGlobalSection
	GlobalSection(SolutionProperties) = preSolution
		HideSolutionNode = FALSE
	EndGlobalSection
	GlobalSection(ExtensibilityGlobals) = postSolution
		SolutionGuid = {A496784E-5A28-4361-BCC6-00106EF09D02}
	EndGlobalSection
EndGlobal
